{
    "_meta": {
        "hash": {
            "sha256": "cf651d84567d9e18a18eafa9f0b0e629215454681f1172f01771e2750c63cfb9"
        },
        "pipfile-spec": 6,
        "requires": {
            "python_version": "3.10"
        },
        "sources": [
            {
                "name": "pypi",
                "url": "https://pypi.org/simple",
                "verify_ssl": true
            }
        ]
    },
    "default": {
        "awscli-local": {
            "hashes": [
                "sha256:8694445f4fcf11e1ed15c0cf47150b85f5904cc6f27ae8157043b89cf9f4b16a"
            ],
            "index": "pypi",
            "version": "==0.20"
        },
        "boto3": {
            "hashes": [
                "sha256:9d52a1605657aeb5b19b09cfc01d9a92f88a616a5daf5479a59656d6341ea6b3",
                "sha256:ff3d0116e0ca6c096547652390025780eace3a28f6c04c9ffbf38448f1e5a87b"
            ],
            "markers": "python_version >= '3.7'",
            "version": "==1.28.65"
        },
        "botocore": {
            "hashes": [
                "sha256:90716c6f1af97e5c2f516e9a3379767ebdddcc6cbed79b026fa5038ce4e5e43e",
                "sha256:f74e3da98dfcec17bc63ef58f82c643bf5bd7ec6cc11a26ede21cc4cd064917f"
            ],
            "markers": "python_version >= '3.7'",
            "version": "==1.31.65"
        },
        "jmespath": {
            "hashes": [
                "sha256:02e2e4cc71b5bcab88332eebf907519190dd9e6e82107fa7f83b1003a6252980",
                "sha256:90261b206d6defd58fdd5e85f478bf633a2901798906be2ad389150c5c60edbe"
            ],
            "markers": "python_version >= '3.7'",
            "version": "==1.0.1"
        },
        "lark": {
            "hashes": [
                "sha256:9e5dc5bbf93fa1840083707285262514a0ef8a6613874af7ea1cec60468d6e92",
                "sha256:be7437bf1f37ab08b355f29ff2571d77d777113d0a8c4352b0c513dced6c5a1e"
            ],
            "markers": "python_version >= '3.6'",
            "version": "==1.1.7"
        },
        "localstack-client": {
            "hashes": [
                "sha256:377ed05e7854eb476dc73b0ab992c433c683bd1026aa84755eaa29f7561757c1"
            ],
            "version": "==2.3"
        },
        "python-dateutil": {
            "hashes": [
                "sha256:0123cacc1627ae19ddf3c27a5de5bd67ee4586fbdd6440d9748f8abb483d3e86",
                "sha256:961d03dc3453ebbc59dbdea9e4e11c5651520a876d0f4db161e8674aae935da9"
            ],
            "markers": "python_version >= '2.7' and python_version not in '3.0, 3.1, 3.2, 3.3'",
            "version": "==2.8.2"
        },
        "python-hcl2": {
            "hashes": [
                "sha256:7122661438be27ccd8b8f3db71969d8ef2cce3b3cf183e88f8172575e7405a65",
                "sha256:e958fe52ca0519e3500eb621caa16be6be9c27870cbcd1879d8c538fb85067ea"
            ],
            "markers": "python_full_version >= '3.7.0'",
            "version": "==4.3.2"
        },
        "s3transfer": {
            "hashes": [
                "sha256:10d6923c6359175f264811ef4bf6161a3156ce8e350e705396a7557d6293c33a",
                "sha256:fd3889a66f5fe17299fe75b82eae6cf722554edca744ca5d5fe308b104883d2e"
            ],
            "markers": "python_version >= '3.7'",
            "version": "==0.7.0"
        },
        "six": {
            "hashes": [
                "sha256:1e61c37477a1626458e36f7b1d82aa5c9b094fa4802892072e49de9c60c4c926",
                "sha256:8abb2f1d86890a2dfb989f9a77cfcfd3e47c2a354b01111771326f8aa26e0254"
            ],
            "markers": "python_version >= '2.7' and python_version not in '3.0, 3.1, 3.2, 3.3'",
            "version": "==1.16.0"
        },
        "terraform-local": {
            "hashes": [
                "sha256:8cae688773e104c690ca0a5d965d7675c56d5821292d957c97cc50786903e659"
            ],
            "index": "pypi",
            "version": "==0.8"
        },
        "urllib3": {
            "hashes": [
                "sha256:34b97092d7e0a3a8cf7cd10e386f401b3737364026c45e622aa02903dffe0f07",
                "sha256:f8ecc1bba5667413457c529ab955bf8c67b45db799d159066261719e328580a0"
            ],
            "index": "pypi",
            "markers": "python_version >= '2.7' and python_version not in '3.0, 3.1, 3.2, 3.3, 3.4, 3.5'",
            "version": "==1.26.18"
        }
    },
    "develop": {}
}
