{
    "_meta": {
        "hash": {
            "sha256": "ac2b716d04abc26800b40380f882ff7bfeb18ca500dadc48b9ed2780bcc7eed8"
        },
        "pipfile-spec": 6,
        "requires": {
            "python_version": "3"
        },
        "sources": [
            {
                "name": "pypi",
                "url": "https://pypi.org/simple",
                "verify_ssl": true
            }
        ]
    },
    "default": {
        "awscli-local": {
            "hashes": [
                "sha256:3807cf2ee4bbdd4df4dfc8bef027f25bde523dcaf8119720f677ed95ebba66a4"
            ],
            "index": "pypi",
            "version": "==0.22.0"
        },
        "boto3": {
            "hashes": [
                "sha256:84b3fe1727945bc3cada832d969ddb3dc0d08fce1677064ca8bdc13a89c1a143",
                "sha256:9979fe674780a0b7100eae9156d74ee374cd1638a9f61c77277e3ce712f3e496"
            ],
            "markers": "python_version >= '3.8'",
            "version": "==1.35.19"
        },
        "botocore": {
            "hashes": [
                "sha256:42d6d8db7250cbd7899f786f9861e02cab17dc238f64d6acb976098ed9809625",
                "sha256:c83f7f0cacfe7c19b109b363ebfa8736e570d24922f16ed371681f58ebab44a9"
            ],
            "markers": "python_version >= '3.8'",
            "version": "==1.35.19"
        },
        "jmespath": {
            "hashes": [
                "sha256:02e2e4cc71b5bcab88332eebf907519190dd9e6e82107fa7f83b1003a6252980",
                "sha256:90261b206d6defd58fdd5e85f478bf633a2901798906be2ad389150c5c60edbe"
            ],
            "markers": "python_version >= '3.7'",
            "version": "==1.0.1"
        },
        "lark": {
            "hashes": [
                "sha256:c2276486b02f0f1b90be155f2c8ba4a8e194d42775786db622faccd652d8e80c",
                "sha256:ca807d0162cd16cef15a8feecb862d7319e7a09bdb13aef927968e45040fed80"
            ],
            "markers": "python_version >= '3.8'",
            "version": "==1.2.2"
        },
        "localstack-client": {
            "hashes": [
                "sha256:67c9da9ea04152b142ecd1ac9a2ae2e231c2a8fcff542faf02d7f9f80843f215"
            ],
            "version": "==2.6"
        },
        "packaging": {
            "hashes": [
                "sha256:026ed72c8ed3fcce5bf8950572258698927fd1dbda10a5e981cdf0ac37f4f002",
                "sha256:5b8f2217dbdbd2f7f384c41c628544e6d52f2d0f53c6d0c3ea61aa5d1d7ff124"
            ],
            "markers": "python_version >= '3.8'",
            "version": "==24.1"
        },
        "python-dateutil": {
            "hashes": [
                "sha256:37dd54208da7e1cd875388217d5e00ebd4179249f90fb72437e91a35459a0ad3",
                "sha256:a8b2bc7bffae282281c8140a97d3aa9c14da0b136dfe83f850eea9a5f7470427"
            ],
            "markers": "python_version >= '2.7' and python_version not in '3.0, 3.1, 3.2, 3.3'",
            "version": "==2.9.0.post0"
        },
        "python-hcl2": {
            "hashes": [
                "sha256:71fbe48ee9a13335828f04adff2b267e06045c44c99c737b13d940aa1468d101",
                "sha256:e33795eed675ae59545e725d1de0a8d78b4166b30b6e0bc7699365bd06334068"
            ],
            "markers": "python_full_version >= '3.7.0'",
            "version": "==4.3.5"
        },
        "s3transfer": {
            "hashes": [
                "sha256:0711534e9356d3cc692fdde846b4a1e4b0cb6519971860796e6bc4c7aea00ef6",
                "sha256:eca1c20de70a39daee580aef4986996620f365c4e0fda6a86100231d62f1bf69"
            ],
            "markers": "python_version >= '3.8'",
            "version": "==0.10.2"
        },
        "six": {
            "hashes": [
                "sha256:1e61c37477a1626458e36f7b1d82aa5c9b094fa4802892072e49de9c60c4c926",
                "sha256:8abb2f1d86890a2dfb989f9a77cfcfd3e47c2a354b01111771326f8aa26e0254"
            ],
            "markers": "python_version >= '2.7' and python_version not in '3.0, 3.1, 3.2, 3.3'",
            "version": "==1.16.0"
        },
        "terraform-local": {
            "hashes": [
                "sha256:d04d7579a121cf5a703fd30156296a8a88fdd9f64fef08cb25c4789e8efd9fdb"
            ],
            "index": "pypi",
            "version": "==0.19.0"
        },
        "urllib3": {
            "hashes": [
                "sha256:ca899ca043dcb1bafa3e262d73aa25c465bfb49e0bd9dd5d59f1d0acba2f8fac",
                "sha256:e7d814a81dad81e6caf2ec9fdedb284ecc9c73076b62654547cc64ccdcae26e9"
            ],
            "markers": "python_version >= '3.10'",
            "version": "==2.2.3"
        }
    },
    "develop": {}
}
